
Microsoft Visual Studio Solution File, Format Version 12.00
# Visual Studio Version 16
VisualStudioVersion = 16.0.29409.12
MinimumVisualStudioVersion = 10.0.40219.1
Project("{9A19103F-16F7-4668-BE54-9A1E7A4F7556}") = "DTUDemo", "DTUDemo\DTUDemo.csproj", "{B0AF895C-7337-4C97-9464-5A31B5EE4228}"
EndProject
Project("{9A19103F-16F7-4668-BE54-9A1E7A4F7556}") = "DTULib", "DTULib\DTULib.csproj", "{89D4DE30-5777-441D-9C10-56E7402DF79F}"
EndProject
Project("{9A19103F-16F7-4668-BE54-9A1E7A4F7556}") = "Common", "Common\Common.csproj", "{B68C7314-955A-4F16-A758-B3E067D7CE9D}"
EndProject
Project("{9A19103F-16F7-4668-BE54-9A1E7A4F7556}") = "ConsoleApp1", "ConsoleApp1\ConsoleApp1.csproj", "{105B14AD-015F-413B-AAC3-2A2C44F53474}"
EndProject
Project("{FAE04EC0-301F-11D3-BF4B-00C04F79EFBC}") = "ConsoleServerApp", "ConsoleServerApp\ConsoleServerApp.csproj", "{510FBBBD-BB3D-42A2-843D-3118A05B25F6}"
EndProject
Global
	GlobalSection(SolutionConfigurationPlatforms) = preSolution
		Debug|Any CPU = Debug|Any CPU
		Release|Any CPU = Release|Any CPU
	EndGlobalSection
	GlobalSection(ProjectConfigurationPlatforms) = postSolution
		{B0AF895C-7337-4C97-9464-5A31B5EE4228}.Debug|Any CPU.ActiveCfg = Debug|Any CPU
		{B0AF895C-7337-4C97-9464-5A31B5EE4228}.Debug|Any CPU.Build.0 = Debug|Any CPU
		{B0AF895C-7337-4C97-9464-5A31B5EE4228}.Release|Any CPU.ActiveCfg = Release|Any CPU
		{B0AF895C-7337-4C97-9464-5A31B5EE4228}.Release|Any CPU.Build.0 = Release|Any CPU
		{89D4DE30-5777-441D-9C10-56E7402DF79F}.Debug|Any CPU.ActiveCfg = Debug|Any CPU
		{89D4DE30-5777-441D-9C10-56E7402DF79F}.Debug|Any CPU.Build.0 = Debug|Any CPU
		{89D4DE30-5777-441D-9C10-56E7402DF79F}.Release|Any CPU.ActiveCfg = Release|Any CPU
		{89D4DE30-5777-441D-9C10-56E7402DF79F}.Release|Any CPU.Build.0 = Release|Any CPU
		{B68C7314-955A-4F16-A758-B3E067D7CE9D}.Debug|Any CPU.ActiveCfg = Debug|Any CPU
		{B68C7314-955A-4F16-A758-B3E067D7CE9D}.Debug|Any CPU.Build.0 = Debug|Any CPU
		{B68C7314-955A-4F16-A758-B3E067D7CE9D}.Release|Any CPU.ActiveCfg = Release|Any CPU
		{B68C7314-955A-4F16-A758-B3E067D7CE9D}.Release|Any CPU.Build.0 = Release|Any CPU
		{105B14AD-015F-413B-AAC3-2A2C44F53474}.Debug|Any CPU.ActiveCfg = Debug|Any CPU
		{105B14AD-015F-413B-AAC3-2A2C44F53474}.Debug|Any CPU.Build.0 = Debug|Any CPU
		{105B14AD-015F-413B-AAC3-2A2C44F53474}.Release|Any CPU.ActiveCfg = Release|Any CPU
		{105B14AD-015F-413B-AAC3-2A2C44F53474}.Release|Any CPU.Build.0 = Release|Any CPU
		{510FBBBD-BB3D-42A2-843D-3118A05B25F6}.Debug|Any CPU.ActiveCfg = Debug|Any CPU
		{510FBBBD-BB3D-42A2-843D-3118A05B25F6}.Debug|Any CPU.Build.0 = Debug|Any CPU
		{510FBBBD-BB3D-42A2-843D-3118A05B25F6}.Release|Any CPU.ActiveCfg = Release|Any CPU
		{510FBBBD-BB3D-42A2-843D-3118A05B25F6}.Release|Any CPU.Build.0 = Release|Any CPU
	EndGlobalSection
	GlobalSection(SolutionProperties) = preSolution
		HideSolutionNode = FALSE
	EndGlobalSection
	GlobalSection(ExtensibilityGlobals) = postSolution
		SolutionGuid = {083D792F-B56B-4A79-8B40-FBC7843B27D4}
	EndGlobalSection
EndGlobal
